
Microsoft Visual Studio Solution File, Format Version 12.00
# Visual Studio Version 17
VisualStudioVersion = 17.13.35828.75 d17.13
MinimumVisualStudioVersion = 10.0.40219.1
Project("{8BC9CEB8-8B4A-11D0-8D11-00A0C91BC942}") = "LW3", "LW3\LW3.vcxproj", "{A4356412-E9EE-498C-BCB4-9B43E9D66FAA}"
EndProject
Global
	GlobalSection(SolutionConfigurationPlatforms) = preSolution
		Debug|x64 = Debug|x64
		Debug|x86 = Debug|x86
		Release|x64 = Release|x64
		Release|x86 = Release|x86
	EndGlobalSection
	GlobalSection(ProjectConfigurationPlatforms) = postSolution
		{A4356412-E9EE-498C-BCB4-9B43E9D66FAA}.Debug|x64.ActiveCfg = Debug|x64
		{A4356412-E9EE-498C-BCB4-9B43E9D66FAA}.Debug|x64.Build.0 = Debug|x64
		{A4356412-E9EE-498C-BCB4-9B43E9D66FAA}.Debug|x86.ActiveCfg = Debug|Win32
		{A4356412-E9EE-498C-BCB4-9B43E9D66FAA}.Debug|x86.Build.0 = Debug|Win32
		{A4356412-E9EE-498C-BCB4-9B43E9D66FAA}.Release|x64.ActiveCfg = Release|x64
		{A4356412-E9EE-498C-BCB4-9B43E9D66FAA}.Release|x64.Build.0 = Release|x64
		{A4356412-E9EE-498C-BCB4-9B43E9D66FAA}.Release|x86.ActiveCfg = Release|Win32
		{A4356412-E9EE-498C-BCB4-9B43E9D66FAA}.Release|x86.Build.0 = Release|Win32
	EndGlobalSection
	GlobalSection(SolutionProperties) = preSolution
		HideSolutionNode = FALSE
	EndGlobalSection
	GlobalSection(ExtensibilityGlobals) = postSolution
		SolutionGuid = {78286A8D-80DD-4EDC-ADBB-F6B8F03116F8}
	EndGlobalSection
EndGlobal
